
Microsoft Visual Studio Solution File, Format Version 12.00
# Visual Studio Version 16
VisualStudioVersion = 16.0.31829.152
MinimumVisualStudioVersion = 10.0.40219.1
Project("{FAE04EC0-301F-11D3-BF4B-00C04F79EFBC}") = "ConsoleApp1", "ConsoleApp1\ConsoleApp1.csproj", "{85CCFF30-5165-4DB5-AC3C-B3A3174A6B82}"
EndProject
Project("{FAE04EC0-301F-11D3-BF4B-00C04F79EFBC}") = "ConsoleApp2", "ConsoleApp2\ConsoleApp2.csproj", "{22DEDE5A-47CF-4F6C-83C1-98BF406F8C1B}"
EndProject
Project("{FAE04EC0-301F-11D3-BF4B-00C04F79EFBC}") = "ConsoleApp3", "ConsoleApp3\ConsoleApp3.csproj", "{77962248-17E9-43C7-9BA5-6A34A10C88B9}"
EndProject
Project("{FAE04EC0-301F-11D3-BF4B-00C04F79EFBC}") = "ConsoleApp4", "ConsoleApp4\ConsoleApp4.csproj", "{5A2C596E-33A8-4441-B88C-A0524B99CEEC}"
EndProject
Global
	GlobalSection(SolutionConfigurationPlatforms) = preSolution
		Debug|Any CPU = Debug|Any CPU
		Release|Any CPU = Release|Any CPU
	EndGlobalSection
	GlobalSection(ProjectConfigurationPlatforms) = postSolution
		{85CCFF30-5165-4DB5-AC3C-B3A3174A6B82}.Debug|Any CPU.ActiveCfg = Debug|Any CPU
		{85CCFF30-5165-4DB5-AC3C-B3A3174A6B82}.Debug|Any CPU.Build.0 = Debug|Any CPU
		{85CCFF30-5165-4DB5-AC3C-B3A3174A6B82}.Release|Any CPU.ActiveCfg = Release|Any CPU
		{85CCFF30-5165-4DB5-AC3C-B3A3174A6B82}.Release|Any CPU.Build.0 = Release|Any CPU
		{22DEDE5A-47CF-4F6C-83C1-98BF406F8C1B}.Debug|Any CPU.ActiveCfg = Debug|Any CPU
		{22DEDE5A-47CF-4F6C-83C1-98BF406F8C1B}.Debug|Any CPU.Build.0 = Debug|Any CPU
		{22DEDE5A-47CF-4F6C-83C1-98BF406F8C1B}.Release|Any CPU.ActiveCfg = Release|Any CPU
		{22DEDE5A-47CF-4F6C-83C1-98BF406F8C1B}.Release|Any CPU.Build.0 = Release|Any CPU
		{77962248-17E9-43C7-9BA5-6A34A10C88B9}.Debug|Any CPU.ActiveCfg = Debug|Any CPU
		{77962248-17E9-43C7-9BA5-6A34A10C88B9}.Debug|Any CPU.Build.0 = Debug|Any CPU
		{77962248-17E9-43C7-9BA5-6A34A10C88B9}.Release|Any CPU.ActiveCfg = Release|Any CPU
		{77962248-17E9-43C7-9BA5-6A34A10C88B9}.Release|Any CPU.Build.0 = Release|Any CPU
		{5A2C596E-33A8-4441-B88C-A0524B99CEEC}.Debug|Any CPU.ActiveCfg = Debug|Any CPU
		{5A2C596E-33A8-4441-B88C-A0524B99CEEC}.Debug|Any CPU.Build.0 = Debug|Any CPU
		{5A2C596E-33A8-4441-B88C-A0524B99CEEC}.Release|Any CPU.ActiveCfg = Release|Any CPU
		{5A2C596E-33A8-4441-B88C-A0524B99CEEC}.Release|Any CPU.Build.0 = Release|Any CPU
	EndGlobalSection
	GlobalSection(SolutionProperties) = preSolution
		HideSolutionNode = FALSE
	EndGlobalSection
	GlobalSection(ExtensibilityGlobals) = postSolution
		SolutionGuid = {CEA3D12B-ACDB-4220-932F-E90883A0303A}
	EndGlobalSection
EndGlobal
